
Microsoft Visual Studio Solution File, Format Version 12.00
# Visual Studio Version 17
VisualStudioVersion = 17.3.32901.215
MinimumVisualStudioVersion = 10.0.40219.1
Project("{8BC9CEB8-8B4A-11D0-8D11-00A0C91BC942}") = "My_Academy", "My_Academy\My_Academy.vcxproj", "{E0CF3B90-0E1A-4960-BDB1-EE842DA09F9F}"
EndProject
Global
	GlobalSection(SolutionConfigurationPlatforms) = preSolution
		Debug|x64 = Debug|x64
		Debug|x86 = Debug|x86
		Release|x64 = Release|x64
		Release|x86 = Release|x86
	EndGlobalSection
	GlobalSection(ProjectConfigurationPlatforms) = postSolution
		{E0CF3B90-0E1A-4960-BDB1-EE842DA09F9F}.Debug|x64.ActiveCfg = Debug|x64
		{E0CF3B90-0E1A-4960-BDB1-EE842DA09F9F}.Debug|x64.Build.0 = Debug|x64
		{E0CF3B90-0E1A-4960-BDB1-EE842DA09F9F}.Debug|x86.ActiveCfg = Debug|Win32
		{E0CF3B90-0E1A-4960-BDB1-EE842DA09F9F}.Debug|x86.Build.0 = Debug|Win32
		{E0CF3B90-0E1A-4960-BDB1-EE842DA09F9F}.Release|x64.ActiveCfg = Release|x64
		{E0CF3B90-0E1A-4960-BDB1-EE842DA09F9F}.Release|x64.Build.0 = Release|x64
		{E0CF3B90-0E1A-4960-BDB1-EE842DA09F9F}.Release|x86.ActiveCfg = Release|Win32
		{E0CF3B90-0E1A-4960-BDB1-EE842DA09F9F}.Release|x86.Build.0 = Release|Win32
	EndGlobalSection
	GlobalSection(SolutionProperties) = preSolution
		HideSolutionNode = FALSE
	EndGlobalSection
	GlobalSection(ExtensibilityGlobals) = postSolution
		SolutionGuid = {685F9A0B-25A9-4305-AADD-9EF977F66CA3}
	EndGlobalSection
EndGlobal
